
Microsoft Visual Studio Solution File, Format Version 12.00
# Visual Studio Version 17
VisualStudioVersion = 17.4.33122.133
MinimumVisualStudioVersion = 10.0.40219.1
Project("{FAE04EC0-301F-11D3-BF4B-00C04F79EFBC}") = "JokesApp", "JokesApp.csproj", "{B3EB1D95-29D0-44C4-9DCC-269AF4E70325}"
EndProject
Global
	GlobalSection(SolutionConfigurationPlatforms) = preSolution
		Debug|Any CPU = Debug|Any CPU
		Release|Any CPU = Release|Any CPU
	EndGlobalSection
	GlobalSection(ProjectConfigurationPlatforms) = postSolution
		{B3EB1D95-29D0-44C4-9DCC-269AF4E70325}.Debug|Any CPU.ActiveCfg = Debug|Any CPU
		{B3EB1D95-29D0-44C4-9DCC-269AF4E70325}.Debug|Any CPU.Build.0 = Debug|Any CPU
		{B3EB1D95-29D0-44C4-9DCC-269AF4E70325}.Release|Any CPU.ActiveCfg = Release|Any CPU
		{B3EB1D95-29D0-44C4-9DCC-269AF4E70325}.Release|Any CPU.Build.0 = Release|Any CPU
	EndGlobalSection
	GlobalSection(SolutionProperties) = preSolution
		HideSolutionNode = FALSE
	EndGlobalSection
	GlobalSection(ExtensibilityGlobals) = postSolution
		SolutionGuid = {12F4AA38-1977-46DE-AE55-AB618AFA6AD4}
	EndGlobalSection
EndGlobal
